
Microsoft Visual Studio Solution File, Format Version 12.00
# Visual Studio Version 16
VisualStudioVersion = 16.0.30717.126
MinimumVisualStudioVersion = 10.0.40219.1
Project("{2150E333-8FDC-42A3-9474-1A3956D46DE8}") = "src", "src", "{4163812C-50F0-45A6-AEDD-B90EEF03E6C7}"
EndProject
Project("{2150E333-8FDC-42A3-9474-1A3956D46DE8}") = "Libraries", "Libraries", "{9545FDCC-336D-4D4B-ACAB-F025300BF41F}"
EndProject
Project("{9A19103F-16F7-4668-BE54-9A1E7A4F7556}") = "Sat.Core", "src\Libraries\Sat.Core\Sat.Core.csproj", "{EFC15589-4B8A-40C9-B9B1-0062EB0036FE}"
EndProject
Project("{9A19103F-16F7-4668-BE54-9A1E7A4F7556}") = "Sat.Infrastructure", "src\Libraries\Sat.Infrastructure\Sat.Infrastructure.csproj", "{34EF2286-763A-4D2D-B1B3-6A4A472BFA2C}"
EndProject
Project("{FAE04EC0-301F-11D3-BF4B-00C04F79EFBC}") = "Sat.Server", "src\Sat.Server\Sat.Server.csproj", "{1EC4417C-A7BB-409C-9A6F-3964968BAC01}"
EndProject
Project("{FAE04EC0-301F-11D3-BF4B-00C04F79EFBC}") = "Sat.Client", "src\Sat.Client\Sat.Client.csproj", "{A46D5477-DC32-447A-B6C4-1845E6A03D45}"
EndProject
Global
	GlobalSection(SolutionConfigurationPlatforms) = preSolution
		Debug|Any CPU = Debug|Any CPU
		Release|Any CPU = Release|Any CPU
	EndGlobalSection
	GlobalSection(ProjectConfigurationPlatforms) = postSolution
		{EFC15589-4B8A-40C9-B9B1-0062EB0036FE}.Debug|Any CPU.ActiveCfg = Debug|Any CPU
		{EFC15589-4B8A-40C9-B9B1-0062EB0036FE}.Debug|Any CPU.Build.0 = Debug|Any CPU
		{EFC15589-4B8A-40C9-B9B1-0062EB0036FE}.Release|Any CPU.ActiveCfg = Release|Any CPU
		{EFC15589-4B8A-40C9-B9B1-0062EB0036FE}.Release|Any CPU.Build.0 = Release|Any CPU
		{34EF2286-763A-4D2D-B1B3-6A4A472BFA2C}.Debug|Any CPU.ActiveCfg = Debug|Any CPU
		{34EF2286-763A-4D2D-B1B3-6A4A472BFA2C}.Debug|Any CPU.Build.0 = Debug|Any CPU
		{34EF2286-763A-4D2D-B1B3-6A4A472BFA2C}.Release|Any CPU.ActiveCfg = Release|Any CPU
		{34EF2286-763A-4D2D-B1B3-6A4A472BFA2C}.Release|Any CPU.Build.0 = Release|Any CPU
		{1EC4417C-A7BB-409C-9A6F-3964968BAC01}.Debug|Any CPU.ActiveCfg = Debug|Any CPU
		{1EC4417C-A7BB-409C-9A6F-3964968BAC01}.Debug|Any CPU.Build.0 = Debug|Any CPU
		{1EC4417C-A7BB-409C-9A6F-3964968BAC01}.Release|Any CPU.ActiveCfg = Release|Any CPU
		{1EC4417C-A7BB-409C-9A6F-3964968BAC01}.Release|Any CPU.Build.0 = Release|Any CPU
		{A46D5477-DC32-447A-B6C4-1845E6A03D45}.Debug|Any CPU.ActiveCfg = Debug|Any CPU
		{A46D5477-DC32-447A-B6C4-1845E6A03D45}.Debug|Any CPU.Build.0 = Debug|Any CPU
		{A46D5477-DC32-447A-B6C4-1845E6A03D45}.Release|Any CPU.ActiveCfg = Release|Any CPU
		{A46D5477-DC32-447A-B6C4-1845E6A03D45}.Release|Any CPU.Build.0 = Release|Any CPU
	EndGlobalSection
	GlobalSection(SolutionProperties) = preSolution
		HideSolutionNode = FALSE
	EndGlobalSection
	GlobalSection(NestedProjects) = preSolution
		{9545FDCC-336D-4D4B-ACAB-F025300BF41F} = {4163812C-50F0-45A6-AEDD-B90EEF03E6C7}
		{EFC15589-4B8A-40C9-B9B1-0062EB0036FE} = {9545FDCC-336D-4D4B-ACAB-F025300BF41F}
		{34EF2286-763A-4D2D-B1B3-6A4A472BFA2C} = {9545FDCC-336D-4D4B-ACAB-F025300BF41F}
		{1EC4417C-A7BB-409C-9A6F-3964968BAC01} = {4163812C-50F0-45A6-AEDD-B90EEF03E6C7}
		{A46D5477-DC32-447A-B6C4-1845E6A03D45} = {4163812C-50F0-45A6-AEDD-B90EEF03E6C7}
	EndGlobalSection
	GlobalSection(ExtensibilityGlobals) = postSolution
		SolutionGuid = {C51C600B-4CA8-4ADE-86F9-38AFF68E941B}
	EndGlobalSection
EndGlobal
