
Microsoft Visual Studio Solution File, Format Version 12.00
# Visual Studio Version 16
VisualStudioVersion = 16.0.30717.126
MinimumVisualStudioVersion = 10.0.40219.1
Project("{2150E333-8FDC-42A3-9474-1A3956D46DE8}") = "src", "src", "{4163812C-50F0-45A6-AEDD-B90EEF03E6C7}"
EndProject
Project("{FAE04EC0-301F-11D3-BF4B-00C04F79EFBC}") = "API", "src\API\API.csproj", "{01FC8BD2-6E9D-4B0E-AAF9-813EE566A8F4}"
EndProject
Project("{FAE04EC0-301F-11D3-BF4B-00C04F79EFBC}") = "Sat.Core", "src\Sat.Core\Sat.Core.csproj", "{E6EDAA15-7224-4D19-8B31-7A0D779239ED}"
EndProject
Project("{FAE04EC0-301F-11D3-BF4B-00C04F79EFBC}") = "Sat.Infrastructure", "src\Sat.Infrastructure\Sat.Infrastructure.csproj", "{37E3A254-42BE-466F-916C-DF204AC7AA1A}"
EndProject
Global
	GlobalSection(SolutionConfigurationPlatforms) = preSolution
		Debug|Any CPU = Debug|Any CPU
		Release|Any CPU = Release|Any CPU
	EndGlobalSection
	GlobalSection(ProjectConfigurationPlatforms) = postSolution
		{01FC8BD2-6E9D-4B0E-AAF9-813EE566A8F4}.Debug|Any CPU.ActiveCfg = Debug|Any CPU
		{01FC8BD2-6E9D-4B0E-AAF9-813EE566A8F4}.Debug|Any CPU.Build.0 = Debug|Any CPU
		{01FC8BD2-6E9D-4B0E-AAF9-813EE566A8F4}.Release|Any CPU.ActiveCfg = Release|Any CPU
		{01FC8BD2-6E9D-4B0E-AAF9-813EE566A8F4}.Release|Any CPU.Build.0 = Release|Any CPU
		{E6EDAA15-7224-4D19-8B31-7A0D779239ED}.Debug|Any CPU.ActiveCfg = Debug|Any CPU
		{E6EDAA15-7224-4D19-8B31-7A0D779239ED}.Debug|Any CPU.Build.0 = Debug|Any CPU
		{E6EDAA15-7224-4D19-8B31-7A0D779239ED}.Release|Any CPU.ActiveCfg = Release|Any CPU
		{E6EDAA15-7224-4D19-8B31-7A0D779239ED}.Release|Any CPU.Build.0 = Release|Any CPU
		{37E3A254-42BE-466F-916C-DF204AC7AA1A}.Debug|Any CPU.ActiveCfg = Debug|Any CPU
		{37E3A254-42BE-466F-916C-DF204AC7AA1A}.Debug|Any CPU.Build.0 = Debug|Any CPU
		{37E3A254-42BE-466F-916C-DF204AC7AA1A}.Release|Any CPU.ActiveCfg = Release|Any CPU
		{37E3A254-42BE-466F-916C-DF204AC7AA1A}.Release|Any CPU.Build.0 = Release|Any CPU
	EndGlobalSection
	GlobalSection(SolutionProperties) = preSolution
		HideSolutionNode = FALSE
	EndGlobalSection
	GlobalSection(NestedProjects) = preSolution
		{01FC8BD2-6E9D-4B0E-AAF9-813EE566A8F4} = {4163812C-50F0-45A6-AEDD-B90EEF03E6C7}
		{E6EDAA15-7224-4D19-8B31-7A0D779239ED} = {4163812C-50F0-45A6-AEDD-B90EEF03E6C7}
		{37E3A254-42BE-466F-916C-DF204AC7AA1A} = {4163812C-50F0-45A6-AEDD-B90EEF03E6C7}
	EndGlobalSection
	GlobalSection(ExtensibilityGlobals) = postSolution
		SolutionGuid = {C51C600B-4CA8-4ADE-86F9-38AFF68E941B}
	EndGlobalSection
EndGlobal
